// !$*UTF8*$!
{
	archiveVersion = 1;
	classes = {
	};
	objectVersion = 77;
	objects = {

/* Begin PBXBuildFile section */
		024B9A9FC451511DB7216108 /* UsageLiveActivityWidget.swift in Sources */ = {isa = PBXBuildFile; fileRef = 1F1CF370D323F13C8FD5F237 /* UsageLiveActivityWidget.swift */; };
		053D0E3D6681844E650325B1 /* CloudKitSnapshotClient.swift in Sources */ = {isa = PBXBuildFile; fileRef = 0D52DF990B15F7E08FEBDDF0 /* CloudKitSnapshotClient.swift */; };
		0B6579DE5E3135F0DDF5A120 /* SettingsView.swift in Sources */ = {isa = PBXBuildFile; fileRef = A4CB114A5CFF959DC8BFABC8 /* SettingsView.swift */; };
		0D3AB1F46EFA5A8E2907217F /* Assets.xcassets in Resources */ = {isa = PBXBuildFile; fileRef = 04473E13F793B1EDF3EF4280 /* Assets.xcassets */; };
		0E03385FCC7D60E6D69C6DBE /* WidgetSnapshot.swift in Sources */ = {isa = PBXBuildFile; fileRef = 4F5397F1FE42039D5F4C8CD0 /* WidgetSnapshot.swift */; };
		0E3DE2174F9E4BF9DA7260C5 /* SampleData.swift in Sources */ = {isa = PBXBuildFile; fileRef = D662C4BCFB8F75021D17EDE3 /* SampleData.swift */; };
		12BAF1EE463754374F0F7CB9 /* PairingModels.swift in Sources */ = {isa = PBXBuildFile; fileRef = D50C69DEC615D6623F8C55E4 /* PairingModels.swift */; };
		12C14EDA5266BD074DA0F495 /* UsageActivityAttributes.swift in Sources */ = {isa = PBXBuildFile; fileRef = 9A2057F5AD88B12379677E45 /* UsageActivityAttributes.swift */; };
		14B2713FECF8CD38694FB3CF /* SnapshotSyncCoordinator.swift in Sources */ = {isa = PBXBuildFile; fileRef = 08BE7F0F2A722DCB7BCA93BF /* SnapshotSyncCoordinator.swift */; };
		194B892CA80FAD061566CEAD /* RootView.swift in Sources */ = {isa = PBXBuildFile; fileRef = 9631A9AFB8B112A17A7E724A /* RootView.swift */; };
		1C34E00BD90819173AC10F36 /* Theme.swift in Sources */ = {isa = PBXBuildFile; fileRef = A4E4D1FCB47B144AE88043EC /* Theme.swift */; };
		1E0A7EAD92733776F36C9AD1 /* LANSubscriber.swift in Sources */ = {isa = PBXBuildFile; fileRef = 420F35553DF9DC6E614A022F /* LANSubscriber.swift */; };
		24899A4840A4D7B044BEC20C /* Assets.xcassets in Resources */ = {isa = PBXBuildFile; fileRef = 04473E13F793B1EDF3EF4280 /* Assets.xcassets */; };
		258C2DA1D451B84474C37BAD /* UsageProvider.swift in Sources */ = {isa = PBXBuildFile; fileRef = C13B3FAE3C6655CCE005C1DF /* UsageProvider.swift */; };
		25ED1C1883CEC99B7BBBD679 /* Theme.swift in Sources */ = {isa = PBXBuildFile; fileRef = A4E4D1FCB47B144AE88043EC /* Theme.swift */; };
		26861F6347ED6B9FC9F97A43 /* ProviderCardView.swift in Sources */ = {isa = PBXBuildFile; fileRef = 280896F7FFA3A5704717857A /* ProviderCardView.swift */; };
		269C2572A560F49C1A559E3C /* LANSubscriber.swift in Sources */ = {isa = PBXBuildFile; fileRef = 420F35553DF9DC6E614A022F /* LANSubscriber.swift */; };
		2F25E64EEAF1963781B976C8 /* EmptyStateView.swift in Sources */ = {isa = PBXBuildFile; fileRef = CCB5B03C39186CBC42C349F8 /* EmptyStateView.swift */; };
		38492859E9C7077FD8EAEA32 /* PairingStore.swift in Sources */ = {isa = PBXBuildFile; fileRef = C55B9CF826488B765104AA7F /* PairingStore.swift */; };
		3AECCFAFDD64799D2DEAB1BD /* SyncCrypto.swift in Sources */ = {isa = PBXBuildFile; fileRef = 74FCF60C2599ED721F3D5FF5 /* SyncCrypto.swift */; };
		3CB37F522291C203D7DF8D83 /* SyncEnvelope.swift in Sources */ = {isa = PBXBuildFile; fileRef = AB62CA717364C76E568C3056 /* SyncEnvelope.swift */; };
		511FCFD446F9A2E65BEAFB2D /* SyncEnvelope.swift in Sources */ = {isa = PBXBuildFile; fileRef = AB62CA717364C76E568C3056 /* SyncEnvelope.swift */; };
		53156A067D79E541995B73E7 /* MobileSnapshotStore.swift in Sources */ = {isa = PBXBuildFile; fileRef = C705B719A124FB30E0990C41 /* MobileSnapshotStore.swift */; };
		6A45BCD48376C54B96380779 /* CloudKitSnapshotClient.swift in Sources */ = {isa = PBXBuildFile; fileRef = 0D52DF990B15F7E08FEBDDF0 /* CloudKitSnapshotClient.swift */; };
		750F6F41A63C5B3284A1A52D /* LockScreenWidgets.swift in Sources */ = {isa = PBXBuildFile; fileRef = E69D90631C8EF11697D4B589 /* LockScreenWidgets.swift */; };
		7DA42C769BDED97BA4ADADAB /* SettingsKeys.swift in Sources */ = {isa = PBXBuildFile; fileRef = ED8BD74F0FD01E3003E96BA8 /* SettingsKeys.swift */; };
		95CEC7897149075CDAFC1FD6 /* CodexBarWidgetBundle.swift in Sources */ = {isa = PBXBuildFile; fileRef = D2D1C9BE3062DD5E46D5D693 /* CodexBarWidgetBundle.swift */; };
		97F3A97F99E67F61CF09F4FD /* WidgetProvider.swift in Sources */ = {isa = PBXBuildFile; fileRef = 76888313117A8403AA2BA2F4 /* WidgetProvider.swift */; };
		99F5A0ACD134D0D59CA28D8F /* SampleData.swift in Sources */ = {isa = PBXBuildFile; fileRef = D662C4BCFB8F75021D17EDE3 /* SampleData.swift */; };
		A275FC1ACC34EA1E622F6067 /* SnapshotSyncCoordinator.swift in Sources */ = {isa = PBXBuildFile; fileRef = 08BE7F0F2A722DCB7BCA93BF /* SnapshotSyncCoordinator.swift */; };
		A33E35B1B2638215FE65FDA9 /* Components.swift in Sources */ = {isa = PBXBuildFile; fileRef = DC4C4DC72008620F93CDCB3C /* Components.swift */; };
		A47C7B4AA04B0A4AC19B3BDA /* LiveActivityController.swift in Sources */ = {isa = PBXBuildFile; fileRef = DB90AD04850BC7AE7C2979AB /* LiveActivityController.swift */; };
		A9AE68AEBAA021A80391A6D6 /* HomeUsageWidget.swift in Sources */ = {isa = PBXBuildFile; fileRef = 64D72F716E07237E7FA61634 /* HomeUsageWidget.swift */; };
		AFAAEA8DDE5AC2BF443AB81B /* SyncCrypto.swift in Sources */ = {isa = PBXBuildFile; fileRef = 74FCF60C2599ED721F3D5FF5 /* SyncCrypto.swift */; };
		B050FB5BF5817C3844A27F32 /* ProviderDetailView.swift in Sources */ = {isa = PBXBuildFile; fileRef = CB05AAA074EEE8CC4379BD42 /* ProviderDetailView.swift */; };
		C1888EB950902B01A022D165 /* MobileSnapshotStore.swift in Sources */ = {isa = PBXBuildFile; fileRef = C705B719A124FB30E0990C41 /* MobileSnapshotStore.swift */; };
		C23F8414B57F86F127687D85 /* PairingView.swift in Sources */ = {isa = PBXBuildFile; fileRef = CDC1060B68727EA6F7B09A81 /* PairingView.swift */; };
		C3D21B41EA94CE8CA7BF7A5B /* CodexBarMobileWidget.appex in Embed Foundation Extensions */ = {isa = PBXBuildFile; fileRef = 3F14E8AA4891C2523B0D442A /* CodexBarMobileWidget.appex */; settings = {ATTRIBUTES = (RemoveHeadersOnCopy, ); }; };
		D24825991805BB36BEEE55A9 /* CodexBarMobileApp.swift in Sources */ = {isa = PBXBuildFile; fileRef = 66ADCC4326C4F294080C297E /* CodexBarMobileApp.swift */; };
		D3C18F598B19F28CA4A423CF /* PairingStore.swift in Sources */ = {isa = PBXBuildFile; fileRef = C55B9CF826488B765104AA7F /* PairingStore.swift */; };
		DC569620D6385B9FD2BE406F /* Components.swift in Sources */ = {isa = PBXBuildFile; fileRef = DC4C4DC72008620F93CDCB3C /* Components.swift */; };
		DD3DC771A1A5268E47F85D2F /* WidgetSnapshot.swift in Sources */ = {isa = PBXBuildFile; fileRef = 4F5397F1FE42039D5F4C8CD0 /* WidgetSnapshot.swift */; };
		DE7878088988CEFB98637529 /* PairingModels.swift in Sources */ = {isa = PBXBuildFile; fileRef = D50C69DEC615D6623F8C55E4 /* PairingModels.swift */; };
		DED6BF1C78B2206895B18067 /* UsageActivityAttributes.swift in Sources */ = {isa = PBXBuildFile; fileRef = 9A2057F5AD88B12379677E45 /* UsageActivityAttributes.swift */; };
		E96B09E83A5FD6758C89E7D6 /* SettingsKeys.swift in Sources */ = {isa = PBXBuildFile; fileRef = ED8BD74F0FD01E3003E96BA8 /* SettingsKeys.swift */; };
		F558C7D237881ED5DF2AF576 /* UsageProvider.swift in Sources */ = {isa = PBXBuildFile; fileRef = C13B3FAE3C6655CCE005C1DF /* UsageProvider.swift */; };
/* End PBXBuildFile section */

/* Begin PBXContainerItemProxy section */
		FD082D73CD7A68475CBA9C4C /* PBXContainerItemProxy */ = {
			isa = PBXContainerItemProxy;
			containerPortal = C4095294D0D55415E29FF461 /* Project object */;
			proxyType = 1;
			remoteGlobalIDString = D64E15187155B0ADF6B4C94F;
			remoteInfo = CodexBarMobileWidget;
		};
/* End PBXContainerItemProxy section */

/* Begin PBXCopyFilesBuildPhase section */
		A604DB7C28C561BD55D2E3C9 /* Embed Foundation Extensions */ = {
			isa = PBXCopyFilesBuildPhase;
			buildActionMask = 2147483647;
			dstPath = "";
			dstSubfolderSpec = 13;
			files = (
				C3D21B41EA94CE8CA7BF7A5B /* CodexBarMobileWidget.appex in Embed Foundation Extensions */,
			);
			name = "Embed Foundation Extensions";
			runOnlyForDeploymentPostprocessing = 0;
		};
/* End PBXCopyFilesBuildPhase section */

/* Begin PBXFileReference section */
		04473E13F793B1EDF3EF4280 /* Assets.xcassets */ = {isa = PBXFileReference; lastKnownFileType = folder.assetcatalog; path = Assets.xcassets; sourceTree = "<group>"; };
		08BE7F0F2A722DCB7BCA93BF /* SnapshotSyncCoordinator.swift */ = {isa = PBXFileReference; lastKnownFileType = sourcecode.swift; path = SnapshotSyncCoordinator.swift; sourceTree = "<group>"; };
		0D52DF990B15F7E08FEBDDF0 /* CloudKitSnapshotClient.swift */ = {isa = PBXFileReference; lastKnownFileType = sourcecode.swift; path = CloudKitSnapshotClient.swift; sourceTree = "<group>"; };
		1F1CF370D323F13C8FD5F237 /* UsageLiveActivityWidget.swift */ = {isa = PBXFileReference; lastKnownFileType = sourcecode.swift; path = UsageLiveActivityWidget.swift; sourceTree = "<group>"; };
		280896F7FFA3A5704717857A /* ProviderCardView.swift */ = {isa = PBXFileReference; lastKnownFileType = sourcecode.swift; path = ProviderCardView.swift; sourceTree = "<group>"; };
		3F14E8AA4891C2523B0D442A /* CodexBarMobileWidget.appex */ = {isa = PBXFileReference; includeInIndex = 0; lastKnownFileType = "wrapper.app-extension"; path = CodexBarMobileWidget.appex; sourceTree = BUILT_PRODUCTS_DIR; };
		420F35553DF9DC6E614A022F /* LANSubscriber.swift */ = {isa = PBXFileReference; lastKnownFileType = sourcecode.swift; path = LANSubscriber.swift; sourceTree = "<group>"; };
		4B273F84363545B67A0FFD5E /* CodexBarMobileWidget.entitlements */ = {isa = PBXFileReference; lastKnownFileType = text.plist.entitlements; path = CodexBarMobileWidget.entitlements; sourceTree = "<group>"; };
		4F5397F1FE42039D5F4C8CD0 /* WidgetSnapshot.swift */ = {isa = PBXFileReference; lastKnownFileType = sourcecode.swift; path = WidgetSnapshot.swift; sourceTree = "<group>"; };
		64D72F716E07237E7FA61634 /* HomeUsageWidget.swift */ = {isa = PBXFileReference; lastKnownFileType = sourcecode.swift; path = HomeUsageWidget.swift; sourceTree = "<group>"; };
		66ADCC4326C4F294080C297E /* CodexBarMobileApp.swift */ = {isa = PBXFileReference; lastKnownFileType = sourcecode.swift; path = CodexBarMobileApp.swift; sourceTree = "<group>"; };
		673E37A4B6E443AAA7073639 /* Info.plist */ = {isa = PBXFileReference; lastKnownFileType = text.plist; path = Info.plist; sourceTree = "<group>"; };
		74FCF60C2599ED721F3D5FF5 /* SyncCrypto.swift */ = {isa = PBXFileReference; lastKnownFileType = sourcecode.swift; path = SyncCrypto.swift; sourceTree = "<group>"; };
		76888313117A8403AA2BA2F4 /* WidgetProvider.swift */ = {isa = PBXFileReference; lastKnownFileType = sourcecode.swift; path = WidgetProvider.swift; sourceTree = "<group>"; };
		9631A9AFB8B112A17A7E724A /* RootView.swift */ = {isa = PBXFileReference; lastKnownFileType = sourcecode.swift; path = RootView.swift; sourceTree = "<group>"; };
		9A2057F5AD88B12379677E45 /* UsageActivityAttributes.swift */ = {isa = PBXFileReference; lastKnownFileType = sourcecode.swift; path = UsageActivityAttributes.swift; sourceTree = "<group>"; };
		A45A7C39DD816CBE4C4EF9EB /* CodexBarMobile.app */ = {isa = PBXFileReference; includeInIndex = 0; lastKnownFileType = wrapper.application; path = CodexBarMobile.app; sourceTree = BUILT_PRODUCTS_DIR; };
		A4CB114A5CFF959DC8BFABC8 /* SettingsView.swift */ = {isa = PBXFileReference; lastKnownFileType = sourcecode.swift; path = SettingsView.swift; sourceTree = "<group>"; };
		A4E4D1FCB47B144AE88043EC /* Theme.swift */ = {isa = PBXFileReference; lastKnownFileType = sourcecode.swift; path = Theme.swift; sourceTree = "<group>"; };
		AB62CA717364C76E568C3056 /* SyncEnvelope.swift */ = {isa = PBXFileReference; lastKnownFileType = sourcecode.swift; path = SyncEnvelope.swift; sourceTree = "<group>"; };
		C13B3FAE3C6655CCE005C1DF /* UsageProvider.swift */ = {isa = PBXFileReference; lastKnownFileType = sourcecode.swift; path = UsageProvider.swift; sourceTree = "<group>"; };
		C55B9CF826488B765104AA7F /* PairingStore.swift */ = {isa = PBXFileReference; lastKnownFileType = sourcecode.swift; path = PairingStore.swift; sourceTree = "<group>"; };
		C705B719A124FB30E0990C41 /* MobileSnapshotStore.swift */ = {isa = PBXFileReference; lastKnownFileType = sourcecode.swift; path = MobileSnapshotStore.swift; sourceTree = "<group>"; };
		CB05AAA074EEE8CC4379BD42 /* ProviderDetailView.swift */ = {isa = PBXFileReference; lastKnownFileType = sourcecode.swift; path = ProviderDetailView.swift; sourceTree = "<group>"; };
		CCB5B03C39186CBC42C349F8 /* EmptyStateView.swift */ = {isa = PBXFileReference; lastKnownFileType = sourcecode.swift; path = EmptyStateView.swift; sourceTree = "<group>"; };
		CD23AC662BA5C3E4D5F512AB /* CodexBarMobile.entitlements */ = {isa = PBXFileReference; lastKnownFileType = text.plist.entitlements; path = CodexBarMobile.entitlements; sourceTree = "<group>"; };
		CDC1060B68727EA6F7B09A81 /* PairingView.swift */ = {isa = PBXFileReference; lastKnownFileType = sourcecode.swift; path = PairingView.swift; sourceTree = "<group>"; };
		D094735B11258986C3F6032E /* Info.plist */ = {isa = PBXFileReference; lastKnownFileType = text.plist; path = Info.plist; sourceTree = "<group>"; };
		D2D1C9BE3062DD5E46D5D693 /* CodexBarWidgetBundle.swift */ = {isa = PBXFileReference; lastKnownFileType = sourcecode.swift; path = CodexBarWidgetBundle.swift; sourceTree = "<group>"; };
		D50C69DEC615D6623F8C55E4 /* PairingModels.swift */ = {isa = PBXFileReference; lastKnownFileType = sourcecode.swift; path = PairingModels.swift; sourceTree = "<group>"; };
		D662C4BCFB8F75021D17EDE3 /* SampleData.swift */ = {isa = PBXFileReference; lastKnownFileType = sourcecode.swift; path = SampleData.swift; sourceTree = "<group>"; };
		DB90AD04850BC7AE7C2979AB /* LiveActivityController.swift */ = {isa = PBXFileReference; lastKnownFileType = sourcecode.swift; path = LiveActivityController.swift; sourceTree = "<group>"; };
		DC4C4DC72008620F93CDCB3C /* Components.swift */ = {isa = PBXFileReference; lastKnownFileType = sourcecode.swift; path = Components.swift; sourceTree = "<group>"; };
		E69D90631C8EF11697D4B589 /* LockScreenWidgets.swift */ = {isa = PBXFileReference; lastKnownFileType = sourcecode.swift; path = LockScreenWidgets.swift; sourceTree = "<group>"; };
		ED8BD74F0FD01E3003E96BA8 /* SettingsKeys.swift */ = {isa = PBXFileReference; lastKnownFileType = sourcecode.swift; path = SettingsKeys.swift; sourceTree = "<group>"; };
/* End PBXFileReference section */

/* Begin PBXGroup section */
		07432B82F0DB64FB138D0C2C /* CodexBarMobile */ = {
			isa = PBXGroup;
			children = (
				04473E13F793B1EDF3EF4280 /* Assets.xcassets */,
				CD23AC662BA5C3E4D5F512AB /* CodexBarMobile.entitlements */,
				D094735B11258986C3F6032E /* Info.plist */,
				519F64DCC4CF1429D969EE5F /* App */,
				8E8B10E502D3532E620A305A /* LiveActivity */,
				EF6BE6D5AF77B9CC16AAFBA3 /* Views */,
			);
			path = CodexBarMobile;
			sourceTree = "<group>";
		};
		3C72FFB904D6F67F4C3A441A /* Products */ = {
			isa = PBXGroup;
			children = (
				A45A7C39DD816CBE4C4EF9EB /* CodexBarMobile.app */,
				3F14E8AA4891C2523B0D442A /* CodexBarMobileWidget.appex */,
			);
			name = Products;
			sourceTree = "<group>";
		};
		519F64DCC4CF1429D969EE5F /* App */ = {
			isa = PBXGroup;
			children = (
				66ADCC4326C4F294080C297E /* CodexBarMobileApp.swift */,
				9631A9AFB8B112A17A7E724A /* RootView.swift */,
			);
			path = App;
			sourceTree = "<group>";
		};
		578572DB5D446D5A02FC10C4 /* Transport */ = {
			isa = PBXGroup;
			children = (
				0D52DF990B15F7E08FEBDDF0 /* CloudKitSnapshotClient.swift */,
				420F35553DF9DC6E614A022F /* LANSubscriber.swift */,
				08BE7F0F2A722DCB7BCA93BF /* SnapshotSyncCoordinator.swift */,
				AB62CA717364C76E568C3056 /* SyncEnvelope.swift */,
			);
			path = Transport;
			sourceTree = "<group>";
		};
		717AB3EB3758BCCB3FE12774 /* LiveActivity */ = {
			isa = PBXGroup;
			children = (
				9A2057F5AD88B12379677E45 /* UsageActivityAttributes.swift */,
			);
			path = LiveActivity;
			sourceTree = "<group>";
		};
		7D3164F3B922D9C6493D8063 /* Model */ = {
			isa = PBXGroup;
			children = (
				C705B719A124FB30E0990C41 /* MobileSnapshotStore.swift */,
				D662C4BCFB8F75021D17EDE3 /* SampleData.swift */,
				ED8BD74F0FD01E3003E96BA8 /* SettingsKeys.swift */,
				C13B3FAE3C6655CCE005C1DF /* UsageProvider.swift */,
				4F5397F1FE42039D5F4C8CD0 /* WidgetSnapshot.swift */,
			);
			path = Model;
			sourceTree = "<group>";
		};
		8E8B10E502D3532E620A305A /* LiveActivity */ = {
			isa = PBXGroup;
			children = (
				DB90AD04850BC7AE7C2979AB /* LiveActivityController.swift */,
			);
			path = LiveActivity;
			sourceTree = "<group>";
		};
		A9D25FB465C0035E45349459 /* Pairing */ = {
			isa = PBXGroup;
			children = (
				D50C69DEC615D6623F8C55E4 /* PairingModels.swift */,
				C55B9CF826488B765104AA7F /* PairingStore.swift */,
				74FCF60C2599ED721F3D5FF5 /* SyncCrypto.swift */,
			);
			path = Pairing;
			sourceTree = "<group>";
		};
		AD47C2F13AD827A1D6BDFE95 /* CodexBarMobileWidget */ = {
			isa = PBXGroup;
			children = (
				4B273F84363545B67A0FFD5E /* CodexBarMobileWidget.entitlements */,
				D2D1C9BE3062DD5E46D5D693 /* CodexBarWidgetBundle.swift */,
				64D72F716E07237E7FA61634 /* HomeUsageWidget.swift */,
				673E37A4B6E443AAA7073639 /* Info.plist */,
				E69D90631C8EF11697D4B589 /* LockScreenWidgets.swift */,
				1F1CF370D323F13C8FD5F237 /* UsageLiveActivityWidget.swift */,
				76888313117A8403AA2BA2F4 /* WidgetProvider.swift */,
			);
			path = CodexBarMobileWidget;
			sourceTree = "<group>";
		};
		AE4CB101A569B5278A98C584 = {
			isa = PBXGroup;
			children = (
				07432B82F0DB64FB138D0C2C /* CodexBarMobile */,
				AD47C2F13AD827A1D6BDFE95 /* CodexBarMobileWidget */,
				F386B1ED277BE636CCA375AD /* Shared */,
				3C72FFB904D6F67F4C3A441A /* Products */,
			);
			sourceTree = "<group>";
		};
		EF6BE6D5AF77B9CC16AAFBA3 /* Views */ = {
			isa = PBXGroup;
			children = (
				CCB5B03C39186CBC42C349F8 /* EmptyStateView.swift */,
				CDC1060B68727EA6F7B09A81 /* PairingView.swift */,
				280896F7FFA3A5704717857A /* ProviderCardView.swift */,
				CB05AAA074EEE8CC4379BD42 /* ProviderDetailView.swift */,
				A4CB114A5CFF959DC8BFABC8 /* SettingsView.swift */,
			);
			path = Views;
			sourceTree = "<group>";
		};
		F386B1ED277BE636CCA375AD /* Shared */ = {
			isa = PBXGroup;
			children = (
				717AB3EB3758BCCB3FE12774 /* LiveActivity */,
				7D3164F3B922D9C6493D8063 /* Model */,
				A9D25FB465C0035E45349459 /* Pairing */,
				578572DB5D446D5A02FC10C4 /* Transport */,
				FA4307BF200AEB76EBDDD4CE /* UI */,
			);
			path = Shared;
			sourceTree = "<group>";
		};
		FA4307BF200AEB76EBDDD4CE /* UI */ = {
			isa = PBXGroup;
			children = (
				DC4C4DC72008620F93CDCB3C /* Components.swift */,
				A4E4D1FCB47B144AE88043EC /* Theme.swift */,
			);
			path = UI;
			sourceTree = "<group>";
		};
/* End PBXGroup section */

/* Begin PBXNativeTarget section */
		BFE9125269D971C3EB23E583 /* CodexBarMobile */ = {
			isa = PBXNativeTarget;
			buildConfigurationList = D802D04D9C32F4D188E150D2 /* Build configuration list for PBXNativeTarget "CodexBarMobile" */;
			buildPhases = (
				270A1988244667AB0A6D6822 /* Sources */,
				4B0B3F0CEB60F0F98D1E7F20 /* Resources */,
				A604DB7C28C561BD55D2E3C9 /* Embed Foundation Extensions */,
			);
			buildRules = (
			);
			dependencies = (
				B562C0A145B5580955BD7E58 /* PBXTargetDependency */,
			);
			name = CodexBarMobile;
			packageProductDependencies = (
			);
			productName = CodexBarMobile;
			productReference = A45A7C39DD816CBE4C4EF9EB /* CodexBarMobile.app */;
			productType = "com.apple.product-type.application";
		};
		D64E15187155B0ADF6B4C94F /* CodexBarMobileWidget */ = {
			isa = PBXNativeTarget;
			buildConfigurationList = 489D66F2D17BDD5B9E7A3824 /* Build configuration list for PBXNativeTarget "CodexBarMobileWidget" */;
			buildPhases = (
				9F0CDFD0281A7088BAF5E0BE /* Sources */,
				58E72584B05495CF8097F95B /* Resources */,
			);
			buildRules = (
			);
			dependencies = (
			);
			name = CodexBarMobileWidget;
			packageProductDependencies = (
			);
			productName = CodexBarMobileWidget;
			productReference = 3F14E8AA4891C2523B0D442A /* CodexBarMobileWidget.appex */;
			productType = "com.apple.product-type.app-extension";
		};
/* End PBXNativeTarget section */

/* Begin PBXProject section */
		C4095294D0D55415E29FF461 /* Project object */ = {
			isa = PBXProject;
			attributes = {
				BuildIndependentTargetsInParallel = YES;
				LastUpgradeCheck = 1430;
				TargetAttributes = {
					BFE9125269D971C3EB23E583 = {
						DevelopmentTeam = "";
						ProvisioningStyle = Manual;
					};
					D64E15187155B0ADF6B4C94F = {
						DevelopmentTeam = "";
						ProvisioningStyle = Manual;
					};
				};
			};
			buildConfigurationList = BC9B8EDD8DA612B511EFBDC3 /* Build configuration list for PBXProject "CodexBarMobile" */;
			developmentRegion = en;
			hasScannedForEncodings = 0;
			knownRegions = (
				Base,
				en,
			);
			mainGroup = AE4CB101A569B5278A98C584;
			minimizedProjectReferenceProxies = 1;
			preferredProjectObjectVersion = 77;
			productRefGroup = 3C72FFB904D6F67F4C3A441A /* Products */;
			projectDirPath = "";
			projectRoot = "";
			targets = (
				BFE9125269D971C3EB23E583 /* CodexBarMobile */,
				D64E15187155B0ADF6B4C94F /* CodexBarMobileWidget */,
			);
		};
/* End PBXProject section */

/* Begin PBXResourcesBuildPhase section */
		4B0B3F0CEB60F0F98D1E7F20 /* Resources */ = {
			isa = PBXResourcesBuildPhase;
			buildActionMask = 2147483647;
			files = (
				24899A4840A4D7B044BEC20C /* Assets.xcassets in Resources */,
			);
			runOnlyForDeploymentPostprocessing = 0;
		};
		58E72584B05495CF8097F95B /* Resources */ = {
			isa = PBXResourcesBuildPhase;
			buildActionMask = 2147483647;
			files = (
				0D3AB1F46EFA5A8E2907217F /* Assets.xcassets in Resources */,
			);
			runOnlyForDeploymentPostprocessing = 0;
		};
/* End PBXResourcesBuildPhase section */

/* Begin PBXSourcesBuildPhase section */
		270A1988244667AB0A6D6822 /* Sources */ = {
			isa = PBXSourcesBuildPhase;
			buildActionMask = 2147483647;
			files = (
				053D0E3D6681844E650325B1 /* CloudKitSnapshotClient.swift in Sources */,
				D24825991805BB36BEEE55A9 /* CodexBarMobileApp.swift in Sources */,
				A33E35B1B2638215FE65FDA9 /* Components.swift in Sources */,
				2F25E64EEAF1963781B976C8 /* EmptyStateView.swift in Sources */,
				1E0A7EAD92733776F36C9AD1 /* LANSubscriber.swift in Sources */,
				A47C7B4AA04B0A4AC19B3BDA /* LiveActivityController.swift in Sources */,
				C1888EB950902B01A022D165 /* MobileSnapshotStore.swift in Sources */,
				12BAF1EE463754374F0F7CB9 /* PairingModels.swift in Sources */,
				D3C18F598B19F28CA4A423CF /* PairingStore.swift in Sources */,
				C23F8414B57F86F127687D85 /* PairingView.swift in Sources */,
				26861F6347ED6B9FC9F97A43 /* ProviderCardView.swift in Sources */,
				B050FB5BF5817C3844A27F32 /* ProviderDetailView.swift in Sources */,
				194B892CA80FAD061566CEAD /* RootView.swift in Sources */,
				99F5A0ACD134D0D59CA28D8F /* SampleData.swift in Sources */,
				7DA42C769BDED97BA4ADADAB /* SettingsKeys.swift in Sources */,
				0B6579DE5E3135F0DDF5A120 /* SettingsView.swift in Sources */,
				A275FC1ACC34EA1E622F6067 /* SnapshotSyncCoordinator.swift in Sources */,
				3AECCFAFDD64799D2DEAB1BD /* SyncCrypto.swift in Sources */,
				3CB37F522291C203D7DF8D83 /* SyncEnvelope.swift in Sources */,
				25ED1C1883CEC99B7BBBD679 /* Theme.swift in Sources */,
				12C14EDA5266BD074DA0F495 /* UsageActivityAttributes.swift in Sources */,
				F558C7D237881ED5DF2AF576 /* UsageProvider.swift in Sources */,
				DD3DC771A1A5268E47F85D2F /* WidgetSnapshot.swift in Sources */,
			);
			runOnlyForDeploymentPostprocessing = 0;
		};
		9F0CDFD0281A7088BAF5E0BE /* Sources */ = {
			isa = PBXSourcesBuildPhase;
			buildActionMask = 2147483647;
			files = (
				6A45BCD48376C54B96380779 /* CloudKitSnapshotClient.swift in Sources */,
				95CEC7897149075CDAFC1FD6 /* CodexBarWidgetBundle.swift in Sources */,
				DC569620D6385B9FD2BE406F /* Components.swift in Sources */,
				A9AE68AEBAA021A80391A6D6 /* HomeUsageWidget.swift in Sources */,
				269C2572A560F49C1A559E3C /* LANSubscriber.swift in Sources */,
				750F6F41A63C5B3284A1A52D /* LockScreenWidgets.swift in Sources */,
				53156A067D79E541995B73E7 /* MobileSnapshotStore.swift in Sources */,
				DE7878088988CEFB98637529 /* PairingModels.swift in Sources */,
				38492859E9C7077FD8EAEA32 /* PairingStore.swift in Sources */,
				0E3DE2174F9E4BF9DA7260C5 /* SampleData.swift in Sources */,
				E96B09E83A5FD6758C89E7D6 /* SettingsKeys.swift in Sources */,
				14B2713FECF8CD38694FB3CF /* SnapshotSyncCoordinator.swift in Sources */,
				AFAAEA8DDE5AC2BF443AB81B /* SyncCrypto.swift in Sources */,
				511FCFD446F9A2E65BEAFB2D /* SyncEnvelope.swift in Sources */,
				1C34E00BD90819173AC10F36 /* Theme.swift in Sources */,
				DED6BF1C78B2206895B18067 /* UsageActivityAttributes.swift in Sources */,
				024B9A9FC451511DB7216108 /* UsageLiveActivityWidget.swift in Sources */,
				258C2DA1D451B84474C37BAD /* UsageProvider.swift in Sources */,
				97F3A97F99E67F61CF09F4FD /* WidgetProvider.swift in Sources */,
				0E03385FCC7D60E6D69C6DBE /* WidgetSnapshot.swift in Sources */,
			);
			runOnlyForDeploymentPostprocessing = 0;
		};
/* End PBXSourcesBuildPhase section */

/* Begin PBXTargetDependency section */
		B562C0A145B5580955BD7E58 /* PBXTargetDependency */ = {
			isa = PBXTargetDependency;
			target = D64E15187155B0ADF6B4C94F /* CodexBarMobileWidget */;
			targetProxy = FD082D73CD7A68475CBA9C4C /* PBXContainerItemProxy */;
		};
/* End PBXTargetDependency section */

/* Begin XCBuildConfiguration section */
		372E312773AA3A0B5C213211 /* Release */ = {
			isa = XCBuildConfiguration;
			buildSettings = {
				ASSETCATALOG_COMPILER_GLOBAL_ACCENT_COLOR_NAME = AccentColor;
				CODE_SIGN_ENTITLEMENTS = CodexBarMobileWidget/CodexBarMobileWidget.entitlements;
				INFOPLIST_FILE = CodexBarMobileWidget/Info.plist;
				LD_RUNPATH_SEARCH_PATHS = (
					"$(inherited)",
					"@executable_path/Frameworks",
					"@executable_path/../../Frameworks",
				);
				PRODUCT_BUNDLE_IDENTIFIER = com.steipete.codexbar.ios.widget;
				SDKROOT = iphoneos;
				TARGETED_DEVICE_FAMILY = "1,2";
			};
			name = Release;
		};
		4DFD4FD2D3F01684FA516ABD /* Release */ = {
			isa = XCBuildConfiguration;
			buildSettings = {
				ALWAYS_SEARCH_USER_PATHS = NO;
				CLANG_ANALYZER_NONNULL = YES;
				CLANG_ANALYZER_NUMBER_OBJECT_CONVERSION = YES_AGGRESSIVE;
				CLANG_CXX_LANGUAGE_STANDARD = "gnu++14";
				CLANG_CXX_LIBRARY = "libc++";
				CLANG_ENABLE_MODULES = YES;
				CLANG_ENABLE_OBJC_ARC = YES;
				CLANG_ENABLE_OBJC_WEAK = YES;
				CLANG_WARN_BLOCK_CAPTURE_AUTORELEASING = YES;
				CLANG_WARN_BOOL_CONVERSION = YES;
				CLANG_WARN_COMMA = YES;
				CLANG_WARN_CONSTANT_CONVERSION = YES;
				CLANG_WARN_DEPRECATED_OBJC_IMPLEMENTATIONS = YES;
				CLANG_WARN_DIRECT_OBJC_ISA_USAGE = YES_ERROR;
				CLANG_WARN_DOCUMENTATION_COMMENTS = YES;
				CLANG_WARN_EMPTY_BODY = YES;
				CLANG_WARN_ENUM_CONVERSION = YES;
				CLANG_WARN_INFINITE_RECURSION = YES;
				CLANG_WARN_INT_CONVERSION = YES;
				CLANG_WARN_NON_LITERAL_NULL_CONVERSION = YES;
				CLANG_WARN_OBJC_IMPLICIT_RETAIN_SELF = YES;
				CLANG_WARN_OBJC_LITERAL_CONVERSION = YES;
				CLANG_WARN_OBJC_ROOT_CLASS = YES_ERROR;
				CLANG_WARN_QUOTED_INCLUDE_IN_FRAMEWORK_HEADER = YES;
				CLANG_WARN_RANGE_LOOP_ANALYSIS = YES;
				CLANG_WARN_STRICT_PROTOTYPES = YES;
				CLANG_WARN_SUSPICIOUS_MOVE = YES;
				CLANG_WARN_UNGUARDED_AVAILABILITY = YES_AGGRESSIVE;
				CLANG_WARN_UNREACHABLE_CODE = YES;
				CLANG_WARN__DUPLICATE_METHOD_MATCH = YES;
				CODE_SIGNING_ALLOWED = NO;
				CODE_SIGNING_REQUIRED = NO;
				CODE_SIGN_IDENTITY = "";
				CODE_SIGN_STYLE = Manual;
				COPY_PHASE_STRIP = NO;
				CURRENT_PROJECT_VERSION = 1;
				DEBUG_INFORMATION_FORMAT = "dwarf-with-dsym";
				DEVELOPMENT_TEAM = "";
				ENABLE_NS_ASSERTIONS = NO;
				ENABLE_STRICT_OBJC_MSGSEND = YES;
				GCC_C_LANGUAGE_STANDARD = gnu11;
				GCC_NO_COMMON_BLOCKS = YES;
				GCC_WARN_64_TO_32_BIT_CONVERSION = YES;
				GCC_WARN_ABOUT_RETURN_TYPE = YES_ERROR;
				GCC_WARN_UNDECLARED_SELECTOR = YES;
				GCC_WARN_UNINITIALIZED_AUTOS = YES_AGGRESSIVE;
				GCC_WARN_UNUSED_FUNCTION = YES;
				GCC_WARN_UNUSED_VARIABLE = YES;
				IPHONEOS_DEPLOYMENT_TARGET = 26.0;
				MARKETING_VERSION = 0.1.0;
				MTL_ENABLE_DEBUG_INFO = NO;
				MTL_FAST_MATH = YES;
				PRODUCT_NAME = "$(TARGET_NAME)";
				SDKROOT = iphoneos;
				SWIFT_COMPILATION_MODE = wholemodule;
				SWIFT_OPTIMIZATION_LEVEL = "-O";
				SWIFT_VERSION = 6.0;
				TARGETED_DEVICE_FAMILY = "1,2";
			};
			name = Release;
		};
		67767FE1617B4210F992345F /* Debug */ = {
			isa = XCBuildConfiguration;
			buildSettings = {
				ALWAYS_SEARCH_USER_PATHS = NO;
				CLANG_ANALYZER_NONNULL = YES;
				CLANG_ANALYZER_NUMBER_OBJECT_CONVERSION = YES_AGGRESSIVE;
				CLANG_CXX_LANGUAGE_STANDARD = "gnu++14";
				CLANG_CXX_LIBRARY = "libc++";
				CLANG_ENABLE_MODULES = YES;
				CLANG_ENABLE_OBJC_ARC = YES;
				CLANG_ENABLE_OBJC_WEAK = YES;
				CLANG_WARN_BLOCK_CAPTURE_AUTORELEASING = YES;
				CLANG_WARN_BOOL_CONVERSION = YES;
				CLANG_WARN_COMMA = YES;
				CLANG_WARN_CONSTANT_CONVERSION = YES;
				CLANG_WARN_DEPRECATED_OBJC_IMPLEMENTATIONS = YES;
				CLANG_WARN_DIRECT_OBJC_ISA_USAGE = YES_ERROR;
				CLANG_WARN_DOCUMENTATION_COMMENTS = YES;
				CLANG_WARN_EMPTY_BODY = YES;
				CLANG_WARN_ENUM_CONVERSION = YES;
				CLANG_WARN_INFINITE_RECURSION = YES;
				CLANG_WARN_INT_CONVERSION = YES;
				CLANG_WARN_NON_LITERAL_NULL_CONVERSION = YES;
				CLANG_WARN_OBJC_IMPLICIT_RETAIN_SELF = YES;
				CLANG_WARN_OBJC_LITERAL_CONVERSION = YES;
				CLANG_WARN_OBJC_ROOT_CLASS = YES_ERROR;
				CLANG_WARN_QUOTED_INCLUDE_IN_FRAMEWORK_HEADER = YES;
				CLANG_WARN_RANGE_LOOP_ANALYSIS = YES;
				CLANG_WARN_STRICT_PROTOTYPES = YES;
				CLANG_WARN_SUSPICIOUS_MOVE = YES;
				CLANG_WARN_UNGUARDED_AVAILABILITY = YES_AGGRESSIVE;
				CLANG_WARN_UNREACHABLE_CODE = YES;
				CLANG_WARN__DUPLICATE_METHOD_MATCH = YES;
				CODE_SIGNING_ALLOWED = NO;
				CODE_SIGNING_REQUIRED = NO;
				CODE_SIGN_IDENTITY = "";
				CODE_SIGN_STYLE = Manual;
				COPY_PHASE_STRIP = NO;
				CURRENT_PROJECT_VERSION = 1;
				DEBUG_INFORMATION_FORMAT = dwarf;
				DEVELOPMENT_TEAM = "";
				ENABLE_STRICT_OBJC_MSGSEND = YES;
				ENABLE_TESTABILITY = YES;
				GCC_C_LANGUAGE_STANDARD = gnu11;
				GCC_DYNAMIC_NO_PIC = NO;
				GCC_NO_COMMON_BLOCKS = YES;
				GCC_OPTIMIZATION_LEVEL = 0;
				GCC_PREPROCESSOR_DEFINITIONS = (
					"$(inherited)",
					"DEBUG=1",
				);
				GCC_WARN_64_TO_32_BIT_CONVERSION = YES;
				GCC_WARN_ABOUT_RETURN_TYPE = YES_ERROR;
				GCC_WARN_UNDECLARED_SELECTOR = YES;
				GCC_WARN_UNINITIALIZED_AUTOS = YES_AGGRESSIVE;
				GCC_WARN_UNUSED_FUNCTION = YES;
				GCC_WARN_UNUSED_VARIABLE = YES;
				IPHONEOS_DEPLOYMENT_TARGET = 26.0;
				MARKETING_VERSION = 0.1.0;
				MTL_ENABLE_DEBUG_INFO = INCLUDE_SOURCE;
				MTL_FAST_MATH = YES;
				ONLY_ACTIVE_ARCH = YES;
				PRODUCT_NAME = "$(TARGET_NAME)";
				SDKROOT = iphoneos;
				SWIFT_ACTIVE_COMPILATION_CONDITIONS = DEBUG;
				SWIFT_OPTIMIZATION_LEVEL = "-Onone";
				SWIFT_VERSION = 6.0;
				TARGETED_DEVICE_FAMILY = "1,2";
			};
			name = Debug;
		};
		A086DDCAC990129CC320BB8B /* Release */ = {
			isa = XCBuildConfiguration;
			buildSettings = {
				ASSETCATALOG_COMPILER_APPICON_NAME = AppIcon;
				ASSETCATALOG_COMPILER_GLOBAL_ACCENT_COLOR_NAME = AccentColor;
				CODE_SIGN_ENTITLEMENTS = CodexBarMobile/CodexBarMobile.entitlements;
				CODE_SIGN_IDENTITY = "iPhone Developer";
				INFOPLIST_FILE = CodexBarMobile/Info.plist;
				INFOPLIST_KEY_UIApplicationSceneManifest_Generation = YES;
				INFOPLIST_KEY_UILaunchScreen_Generation = YES;
				INFOPLIST_KEY_UISupportedInterfaceOrientations = UIInterfaceOrientationPortrait;
				LD_RUNPATH_SEARCH_PATHS = (
					"$(inherited)",
					"@executable_path/Frameworks",
				);
				PRODUCT_BUNDLE_IDENTIFIER = com.steipete.codexbar.ios;
				SDKROOT = iphoneos;
				TARGETED_DEVICE_FAMILY = "1,2";
			};
			name = Release;
		};
		B06CF9DC86417E3012591574 /* Debug */ = {
			isa = XCBuildConfiguration;
			buildSettings = {
				ASSETCATALOG_COMPILER_APPICON_NAME = AppIcon;
				ASSETCATALOG_COMPILER_GLOBAL_ACCENT_COLOR_NAME = AccentColor;
				CODE_SIGN_ENTITLEMENTS = CodexBarMobile/CodexBarMobile.entitlements;
				CODE_SIGN_IDENTITY = "iPhone Developer";
				INFOPLIST_FILE = CodexBarMobile/Info.plist;
				INFOPLIST_KEY_UIApplicationSceneManifest_Generation = YES;
				INFOPLIST_KEY_UILaunchScreen_Generation = YES;
				INFOPLIST_KEY_UISupportedInterfaceOrientations = UIInterfaceOrientationPortrait;
				LD_RUNPATH_SEARCH_PATHS = (
					"$(inherited)",
					"@executable_path/Frameworks",
				);
				PRODUCT_BUNDLE_IDENTIFIER = com.steipete.codexbar.ios;
				SDKROOT = iphoneos;
				TARGETED_DEVICE_FAMILY = "1,2";
			};
			name = Debug;
		};
		B18B80E899807485796A21AF /* Debug */ = {
			isa = XCBuildConfiguration;
			buildSettings = {
				ASSETCATALOG_COMPILER_GLOBAL_ACCENT_COLOR_NAME = AccentColor;
				CODE_SIGN_ENTITLEMENTS = CodexBarMobileWidget/CodexBarMobileWidget.entitlements;
				INFOPLIST_FILE = CodexBarMobileWidget/Info.plist;
				LD_RUNPATH_SEARCH_PATHS = (
					"$(inherited)",
					"@executable_path/Frameworks",
					"@executable_path/../../Frameworks",
				);
				PRODUCT_BUNDLE_IDENTIFIER = com.steipete.codexbar.ios.widget;
				SDKROOT = iphoneos;
				TARGETED_DEVICE_FAMILY = "1,2";
			};
			name = Debug;
		};
/* End XCBuildConfiguration section */

/* Begin XCConfigurationList section */
		489D66F2D17BDD5B9E7A3824 /* Build configuration list for PBXNativeTarget "CodexBarMobileWidget" */ = {
			isa = XCConfigurationList;
			buildConfigurations = (
				B18B80E899807485796A21AF /* Debug */,
				372E312773AA3A0B5C213211 /* Release */,
			);
			defaultConfigurationIsVisible = 0;
			defaultConfigurationName = Debug;
		};
		BC9B8EDD8DA612B511EFBDC3 /* Build configuration list for PBXProject "CodexBarMobile" */ = {
			isa = XCConfigurationList;
			buildConfigurations = (
				67767FE1617B4210F992345F /* Debug */,
				4DFD4FD2D3F01684FA516ABD /* Release */,
			);
			defaultConfigurationIsVisible = 0;
			defaultConfigurationName = Debug;
		};
		D802D04D9C32F4D188E150D2 /* Build configuration list for PBXNativeTarget "CodexBarMobile" */ = {
			isa = XCConfigurationList;
			buildConfigurations = (
				B06CF9DC86417E3012591574 /* Debug */,
				A086DDCAC990129CC320BB8B /* Release */,
			);
			defaultConfigurationIsVisible = 0;
			defaultConfigurationName = Debug;
		};
/* End XCConfigurationList section */
	};
	rootObject = C4095294D0D55415E29FF461 /* Project object */;
}
