// !$*UTF8*$!
{
	archiveVersion = 1;
	classes = {
	};
	objectVersion = 77;
	objects = {

/* Begin PBXBuildFile section */
		27F343F93F9D69DF96614A2D /* CompanionProgressBar.swift in Sources */ = {isa = PBXBuildFile; fileRef = 000DCB03EF0ABAE9C72E1093 /* CompanionProgressBar.swift */; };
		6F3EB42C12D508B7515EFFF3 /* CompanionCardView.swift in Sources */ = {isa = PBXBuildFile; fileRef = E45638D5FD8AB4CEE921D903 /* CompanionCardView.swift */; };
		A0B390FE6D332D45608F1EB2 /* ContentView.swift in Sources */ = {isa = PBXBuildFile; fileRef = 0E5C46026CC56BE3CF04E315 /* ContentView.swift */; };
		B680C24074203E2973EB9EDC /* CompanionCardModel.swift in Sources */ = {isa = PBXBuildFile; fileRef = 45EF4D8C245C99BFBAAD09C7 /* CompanionCardModel.swift */; };
		BA325C3CB094BCB44AA1B16C /* CodexBarCompanionApp.swift in Sources */ = {isa = PBXBuildFile; fileRef = D955D0CA0E64C96E73016A86 /* CodexBarCompanionApp.swift */; };
		C82ACB636EAFA3B4B4616A45 /* CompanionStyles.swift in Sources */ = {isa = PBXBuildFile; fileRef = 3DAD09E2436550EA48ECC746 /* CompanionStyles.swift */; };
		FFFB59DAF2D109486424719C /* Assets.xcassets in Resources */ = {isa = PBXBuildFile; fileRef = F86952B063BABFDA1FF2C39C /* Assets.xcassets */; };
/* End PBXBuildFile section */

/* Begin PBXFileReference section */
		000DCB03EF0ABAE9C72E1093 /* CompanionProgressBar.swift */ = {isa = PBXFileReference; lastKnownFileType = sourcecode.swift; path = CompanionProgressBar.swift; sourceTree = "<group>"; };
		0E5C46026CC56BE3CF04E315 /* ContentView.swift */ = {isa = PBXFileReference; lastKnownFileType = sourcecode.swift; path = ContentView.swift; sourceTree = "<group>"; };
		1F7D466F1E81056110C90FB9 /* Info.plist */ = {isa = PBXFileReference; lastKnownFileType = text.plist; path = Info.plist; sourceTree = "<group>"; };
		3DAD09E2436550EA48ECC746 /* CompanionStyles.swift */ = {isa = PBXFileReference; lastKnownFileType = sourcecode.swift; path = CompanionStyles.swift; sourceTree = "<group>"; };
		45EF4D8C245C99BFBAAD09C7 /* CompanionCardModel.swift */ = {isa = PBXFileReference; lastKnownFileType = sourcecode.swift; path = CompanionCardModel.swift; sourceTree = "<group>"; };
		7CFD96C90F8C10179E1F292D /* CodexBarCompanion.entitlements */ = {isa = PBXFileReference; lastKnownFileType = text.plist.entitlements; path = CodexBarCompanion.entitlements; sourceTree = "<group>"; };
		D955D0CA0E64C96E73016A86 /* CodexBarCompanionApp.swift */ = {isa = PBXFileReference; lastKnownFileType = sourcecode.swift; path = CodexBarCompanionApp.swift; sourceTree = "<group>"; };
		E45638D5FD8AB4CEE921D903 /* CompanionCardView.swift */ = {isa = PBXFileReference; lastKnownFileType = sourcecode.swift; path = CompanionCardView.swift; sourceTree = "<group>"; };
		F8223C0908221132FF0E5587 /* CodexBarCompanion.app */ = {isa = PBXFileReference; explicitFileType = wrapper.application; includeInIndex = 0; path = CodexBarCompanion.app; sourceTree = BUILT_PRODUCTS_DIR; };
		F86952B063BABFDA1FF2C39C /* Assets.xcassets */ = {isa = PBXFileReference; lastKnownFileType = folder.assetcatalog; path = Assets.xcassets; sourceTree = "<group>"; };
/* End PBXFileReference section */

/* Begin PBXGroup section */
		29006327FB3130029C5FC7EC /* Products */ = {
			isa = PBXGroup;
			children = (
				F8223C0908221132FF0E5587 /* CodexBarCompanion.app */,
			);
			name = Products;
			sourceTree = "<group>";
		};
		7576C9B20887381EC1C2694E /* CodexBarCompanion */ = {
			isa = PBXGroup;
			children = (
				F86952B063BABFDA1FF2C39C /* Assets.xcassets */,
				7CFD96C90F8C10179E1F292D /* CodexBarCompanion.entitlements */,
				D955D0CA0E64C96E73016A86 /* CodexBarCompanionApp.swift */,
				45EF4D8C245C99BFBAAD09C7 /* CompanionCardModel.swift */,
				E45638D5FD8AB4CEE921D903 /* CompanionCardView.swift */,
				000DCB03EF0ABAE9C72E1093 /* CompanionProgressBar.swift */,
				3DAD09E2436550EA48ECC746 /* CompanionStyles.swift */,
				0E5C46026CC56BE3CF04E315 /* ContentView.swift */,
				1F7D466F1E81056110C90FB9 /* Info.plist */,
			);
			path = CodexBarCompanion;
			sourceTree = "<group>";
		};
		D969EA0D3C27E9C282585AAA = {
			isa = PBXGroup;
			children = (
				7576C9B20887381EC1C2694E /* CodexBarCompanion */,
				29006327FB3130029C5FC7EC /* Products */,
			);
			sourceTree = "<group>";
		};
/* End PBXGroup section */

/* Begin PBXNativeTarget section */
		C6AC4BA567CD2473288ED689 /* CodexBarCompanion */ = {
			isa = PBXNativeTarget;
			buildConfigurationList = 5847B9BC0CD45E9557E195B3 /* Build configuration list for PBXNativeTarget "CodexBarCompanion" */;
			buildPhases = (
				667D9AD1279A5813A124069B /* Sources */,
				844D55A1544986C3B30FFB3E /* Resources */,
			);
			buildRules = (
			);
			dependencies = (
			);
			name = CodexBarCompanion;
			packageProductDependencies = (
			);
			productName = CodexBarCompanion;
			productReference = F8223C0908221132FF0E5587 /* CodexBarCompanion.app */;
			productType = "com.apple.product-type.application";
		};
/* End PBXNativeTarget section */

/* Begin PBXProject section */
		E0C7DA88C79103CA9F65DC8B /* Project object */ = {
			isa = PBXProject;
			attributes = {
				BuildIndependentTargetsInParallel = YES;
				LastUpgradeCheck = 1430;
				TargetAttributes = {
					C6AC4BA567CD2473288ED689 = {
						ProvisioningStyle = Automatic;
					};
				};
			};
			buildConfigurationList = C86514AFA0E708298B46F2EE /* Build configuration list for PBXProject "CodexBarCompanion" */;
			developmentRegion = en;
			hasScannedForEncodings = 0;
			knownRegions = (
				Base,
				en,
			);
			mainGroup = D969EA0D3C27E9C282585AAA;
			minimizedProjectReferenceProxies = 1;
			preferredProjectObjectVersion = 77;
			productRefGroup = 29006327FB3130029C5FC7EC /* Products */;
			projectDirPath = "";
			projectRoot = "";
			targets = (
				C6AC4BA567CD2473288ED689 /* CodexBarCompanion */,
			);
		};
/* End PBXProject section */

/* Begin PBXResourcesBuildPhase section */
		844D55A1544986C3B30FFB3E /* Resources */ = {
			isa = PBXResourcesBuildPhase;
			buildActionMask = 2147483647;
			files = (
				FFFB59DAF2D109486424719C /* Assets.xcassets in Resources */,
			);
			runOnlyForDeploymentPostprocessing = 0;
		};
/* End PBXResourcesBuildPhase section */

/* Begin PBXSourcesBuildPhase section */
		667D9AD1279A5813A124069B /* Sources */ = {
			isa = PBXSourcesBuildPhase;
			buildActionMask = 2147483647;
			files = (
				BA325C3CB094BCB44AA1B16C /* CodexBarCompanionApp.swift in Sources */,
				B680C24074203E2973EB9EDC /* CompanionCardModel.swift in Sources */,
				6F3EB42C12D508B7515EFFF3 /* CompanionCardView.swift in Sources */,
				27F343F93F9D69DF96614A2D /* CompanionProgressBar.swift in Sources */,
				C82ACB636EAFA3B4B4616A45 /* CompanionStyles.swift in Sources */,
				A0B390FE6D332D45608F1EB2 /* ContentView.swift in Sources */,
			);
			runOnlyForDeploymentPostprocessing = 0;
		};
/* End PBXSourcesBuildPhase section */

/* Begin XCBuildConfiguration section */
		09B93BBAD5C03010C7ECA9EE /* Debug */ = {
			isa = XCBuildConfiguration;
			buildSettings = {
				ALWAYS_SEARCH_USER_PATHS = NO;
				CLANG_ANALYZER_NONNULL = YES;
				CLANG_ANALYZER_NUMBER_OBJECT_CONVERSION = YES_AGGRESSIVE;
				CLANG_CXX_LANGUAGE_STANDARD = "gnu++14";
				CLANG_CXX_LIBRARY = "libc++";
				CLANG_ENABLE_MODULES = YES;
				CLANG_ENABLE_OBJC_ARC = YES;
				CLANG_ENABLE_OBJC_WEAK = YES;
				CLANG_WARN_BLOCK_CAPTURE_AUTORELEASING = YES;
				CLANG_WARN_BOOL_CONVERSION = YES;
				CLANG_WARN_COMMA = YES;
				CLANG_WARN_CONSTANT_CONVERSION = YES;
				CLANG_WARN_DEPRECATED_OBJC_IMPLEMENTATIONS = YES;
				CLANG_WARN_DIRECT_OBJC_ISA_USAGE = YES_ERROR;
				CLANG_WARN_DOCUMENTATION_COMMENTS = YES;
				CLANG_WARN_EMPTY_BODY = YES;
				CLANG_WARN_ENUM_CONVERSION = YES;
				CLANG_WARN_INFINITE_RECURSION = YES;
				CLANG_WARN_INT_CONVERSION = YES;
				CLANG_WARN_NON_LITERAL_NULL_CONVERSION = YES;
				CLANG_WARN_OBJC_IMPLICIT_RETAIN_SELF = YES;
				CLANG_WARN_OBJC_LITERAL_CONVERSION = YES;
				CLANG_WARN_OBJC_ROOT_CLASS = YES_ERROR;
				CLANG_WARN_QUOTED_INCLUDE_IN_FRAMEWORK_HEADER = YES;
				CLANG_WARN_RANGE_LOOP_ANALYSIS = YES;
				CLANG_WARN_STRICT_PROTOTYPES = YES;
				CLANG_WARN_SUSPICIOUS_MOVE = YES;
				CLANG_WARN_UNGUARDED_AVAILABILITY = YES_AGGRESSIVE;
				CLANG_WARN_UNREACHABLE_CODE = YES;
				CLANG_WARN__DUPLICATE_METHOD_MATCH = YES;
				COPY_PHASE_STRIP = NO;
				DEBUG_INFORMATION_FORMAT = dwarf;
				ENABLE_STRICT_OBJC_MSGSEND = YES;
				ENABLE_TESTABILITY = YES;
				GCC_C_LANGUAGE_STANDARD = gnu11;
				GCC_DYNAMIC_NO_PIC = NO;
				GCC_NO_COMMON_BLOCKS = YES;
				GCC_OPTIMIZATION_LEVEL = 0;
				GCC_PREPROCESSOR_DEFINITIONS = (
					"$(inherited)",
					"DEBUG=1",
				);
				GCC_WARN_64_TO_32_BIT_CONVERSION = YES;
				GCC_WARN_ABOUT_RETURN_TYPE = YES_ERROR;
				GCC_WARN_UNDECLARED_SELECTOR = YES;
				GCC_WARN_UNINITIALIZED_AUTOS = YES_AGGRESSIVE;
				GCC_WARN_UNUSED_FUNCTION = YES;
				GCC_WARN_UNUSED_VARIABLE = YES;
				IPHONEOS_DEPLOYMENT_TARGET = 26.0;
				MTL_ENABLE_DEBUG_INFO = INCLUDE_SOURCE;
				MTL_FAST_MATH = YES;
				ONLY_ACTIVE_ARCH = YES;
				PRODUCT_NAME = "$(TARGET_NAME)";
				SDKROOT = iphoneos;
				SWIFT_ACTIVE_COMPILATION_CONDITIONS = DEBUG;
				SWIFT_OPTIMIZATION_LEVEL = "-Onone";
				SWIFT_VERSION = 5.0;
			};
			name = Debug;
		};
		77B160BB0E1E8FEF41F7C9EB /* Release */ = {
			isa = XCBuildConfiguration;
			buildSettings = {
				ALWAYS_SEARCH_USER_PATHS = NO;
				CLANG_ANALYZER_NONNULL = YES;
				CLANG_ANALYZER_NUMBER_OBJECT_CONVERSION = YES_AGGRESSIVE;
				CLANG_CXX_LANGUAGE_STANDARD = "gnu++14";
				CLANG_CXX_LIBRARY = "libc++";
				CLANG_ENABLE_MODULES = YES;
				CLANG_ENABLE_OBJC_ARC = YES;
				CLANG_ENABLE_OBJC_WEAK = YES;
				CLANG_WARN_BLOCK_CAPTURE_AUTORELEASING = YES;
				CLANG_WARN_BOOL_CONVERSION = YES;
				CLANG_WARN_COMMA = YES;
				CLANG_WARN_CONSTANT_CONVERSION = YES;
				CLANG_WARN_DEPRECATED_OBJC_IMPLEMENTATIONS = YES;
				CLANG_WARN_DIRECT_OBJC_ISA_USAGE = YES_ERROR;
				CLANG_WARN_DOCUMENTATION_COMMENTS = YES;
				CLANG_WARN_EMPTY_BODY = YES;
				CLANG_WARN_ENUM_CONVERSION = YES;
				CLANG_WARN_INFINITE_RECURSION = YES;
				CLANG_WARN_INT_CONVERSION = YES;
				CLANG_WARN_NON_LITERAL_NULL_CONVERSION = YES;
				CLANG_WARN_OBJC_IMPLICIT_RETAIN_SELF = YES;
				CLANG_WARN_OBJC_LITERAL_CONVERSION = YES;
				CLANG_WARN_OBJC_ROOT_CLASS = YES_ERROR;
				CLANG_WARN_QUOTED_INCLUDE_IN_FRAMEWORK_HEADER = YES;
				CLANG_WARN_RANGE_LOOP_ANALYSIS = YES;
				CLANG_WARN_STRICT_PROTOTYPES = YES;
				CLANG_WARN_SUSPICIOUS_MOVE = YES;
				CLANG_WARN_UNGUARDED_AVAILABILITY = YES_AGGRESSIVE;
				CLANG_WARN_UNREACHABLE_CODE = YES;
				CLANG_WARN__DUPLICATE_METHOD_MATCH = YES;
				COPY_PHASE_STRIP = NO;
				DEBUG_INFORMATION_FORMAT = "dwarf-with-dsym";
				ENABLE_NS_ASSERTIONS = NO;
				ENABLE_STRICT_OBJC_MSGSEND = YES;
				GCC_C_LANGUAGE_STANDARD = gnu11;
				GCC_NO_COMMON_BLOCKS = YES;
				GCC_WARN_64_TO_32_BIT_CONVERSION = YES;
				GCC_WARN_ABOUT_RETURN_TYPE = YES_ERROR;
				GCC_WARN_UNDECLARED_SELECTOR = YES;
				GCC_WARN_UNINITIALIZED_AUTOS = YES_AGGRESSIVE;
				GCC_WARN_UNUSED_FUNCTION = YES;
				GCC_WARN_UNUSED_VARIABLE = YES;
				IPHONEOS_DEPLOYMENT_TARGET = 26.0;
				MTL_ENABLE_DEBUG_INFO = NO;
				MTL_FAST_MATH = YES;
				PRODUCT_NAME = "$(TARGET_NAME)";
				SDKROOT = iphoneos;
				SWIFT_COMPILATION_MODE = wholemodule;
				SWIFT_OPTIMIZATION_LEVEL = "-O";
				SWIFT_VERSION = 5.0;
			};
			name = Release;
		};
		C73675349C734D3801AC453E /* Release */ = {
			isa = XCBuildConfiguration;
			buildSettings = {
				ASSETCATALOG_COMPILER_APPICON_NAME = AppIcon;
				CODE_SIGN_ENTITLEMENTS = CodexBarCompanion/CodexBarCompanion.entitlements;
				CODE_SIGN_IDENTITY = "iPhone Developer";
				CODE_SIGN_STYLE = Automatic;
				DEVELOPMENT_TEAM = Y5PE65HELJ;
				INFOPLIST_FILE = CodexBarCompanion/Info.plist;
				INFOPLIST_KEY_LSApplicationCategoryType = "public.app-category.developer-tools";
				IPHONEOS_DEPLOYMENT_TARGET = 26.0;
				LD_RUNPATH_SEARCH_PATHS = (
					"$(inherited)",
					"@executable_path/Frameworks",
				);
				PRODUCT_BUNDLE_IDENTIFIER = com.steipete.CodexBarCompanion;
				SDKROOT = iphoneos;
				SWIFT_VERSION = 6.0;
				TARGETED_DEVICE_FAMILY = 1;
			};
			name = Release;
		};
		D747013C46454559F17A4A47 /* Debug */ = {
			isa = XCBuildConfiguration;
			buildSettings = {
				ASSETCATALOG_COMPILER_APPICON_NAME = AppIcon;
				CODE_SIGN_ENTITLEMENTS = CodexBarCompanion/CodexBarCompanion.entitlements;
				CODE_SIGN_IDENTITY = "iPhone Developer";
				CODE_SIGN_STYLE = Automatic;
				DEVELOPMENT_TEAM = Y5PE65HELJ;
				INFOPLIST_FILE = CodexBarCompanion/Info.plist;
				INFOPLIST_KEY_LSApplicationCategoryType = "public.app-category.developer-tools";
				IPHONEOS_DEPLOYMENT_TARGET = 26.0;
				LD_RUNPATH_SEARCH_PATHS = (
					"$(inherited)",
					"@executable_path/Frameworks",
				);
				PRODUCT_BUNDLE_IDENTIFIER = com.steipete.CodexBarCompanion;
				SDKROOT = iphoneos;
				SWIFT_VERSION = 6.0;
				TARGETED_DEVICE_FAMILY = 1;
			};
			name = Debug;
		};
/* End XCBuildConfiguration section */

/* Begin XCConfigurationList section */
		5847B9BC0CD45E9557E195B3 /* Build configuration list for PBXNativeTarget "CodexBarCompanion" */ = {
			isa = XCConfigurationList;
			buildConfigurations = (
				D747013C46454559F17A4A47 /* Debug */,
				C73675349C734D3801AC453E /* Release */,
			);
			defaultConfigurationIsVisible = 0;
			defaultConfigurationName = Debug;
		};
		C86514AFA0E708298B46F2EE /* Build configuration list for PBXProject "CodexBarCompanion" */ = {
			isa = XCConfigurationList;
			buildConfigurations = (
				09B93BBAD5C03010C7ECA9EE /* Debug */,
				77B160BB0E1E8FEF41F7C9EB /* Release */,
			);
			defaultConfigurationIsVisible = 0;
			defaultConfigurationName = Debug;
		};
/* End XCConfigurationList section */
	};
	rootObject = E0C7DA88C79103CA9F65DC8B /* Project object */;
}
